
Microsoft Visual Studio Solution File, Format Version 12.00
# Visual Studio 2013
VisualStudioVersion = 12.0.30110.0
MinimumVisualStudioVersion = 10.0.40219.1
Project("{FAE04EC0-301F-11D3-BF4B-00C04F79EFBC}") = "dttests", "dttests\dttests.csproj", "{C7ACEAB3-7444-4179-9C19-105A2EC267E1}"
EndProject
Project("{FAE04EC0-301F-11D3-BF4B-00C04F79EFBC}") = "dttests.tests", "dttests.tests\dttests.tests.csproj", "{2F1ADB93-8FBA-4AC9-BCEE-B8A91144DD05}"
EndProject
Project("{FAE04EC0-301F-11D3-BF4B-00C04F79EFBC}") = "DTS.DataTables.MVC", "..\DTS.DataTables.MVC\DTS.DataTables.MVC\DTS.DataTables.MVC.csproj", "{0D92AB2A-A9C3-455F-8287-4A9C12D729E0}"
EndProject
Global
	GlobalSection(SolutionConfigurationPlatforms) = preSolution
		Debug|Any CPU = Debug|Any CPU
		Release|Any CPU = Release|Any CPU
	EndGlobalSection
	GlobalSection(ProjectConfigurationPlatforms) = postSolution
		{C7ACEAB3-7444-4179-9C19-105A2EC267E1}.Debug|Any CPU.ActiveCfg = Debug|Any CPU
		{C7ACEAB3-7444-4179-9C19-105A2EC267E1}.Debug|Any CPU.Build.0 = Debug|Any CPU
		{C7ACEAB3-7444-4179-9C19-105A2EC267E1}.Release|Any CPU.ActiveCfg = Release|Any CPU
		{C7ACEAB3-7444-4179-9C19-105A2EC267E1}.Release|Any CPU.Build.0 = Release|Any CPU
		{2F1ADB93-8FBA-4AC9-BCEE-B8A91144DD05}.Debug|Any CPU.ActiveCfg = Debug|Any CPU
		{2F1ADB93-8FBA-4AC9-BCEE-B8A91144DD05}.Debug|Any CPU.Build.0 = Debug|Any CPU
		{2F1ADB93-8FBA-4AC9-BCEE-B8A91144DD05}.Release|Any CPU.ActiveCfg = Release|Any CPU
		{2F1ADB93-8FBA-4AC9-BCEE-B8A91144DD05}.Release|Any CPU.Build.0 = Release|Any CPU
		{0D92AB2A-A9C3-455F-8287-4A9C12D729E0}.Debug|Any CPU.ActiveCfg = Debug|Any CPU
		{0D92AB2A-A9C3-455F-8287-4A9C12D729E0}.Debug|Any CPU.Build.0 = Debug|Any CPU
		{0D92AB2A-A9C3-455F-8287-4A9C12D729E0}.Release|Any CPU.ActiveCfg = Release|Any CPU
		{0D92AB2A-A9C3-455F-8287-4A9C12D729E0}.Release|Any CPU.Build.0 = Release|Any CPU
	EndGlobalSection
	GlobalSection(SolutionProperties) = preSolution
		HideSolutionNode = FALSE
	EndGlobalSection
EndGlobal
